
Microsoft Visual Studio Solution File, Format Version 12.00
Project("{2150E333-8FDC-42A3-9474-1A3956D46DE8}") = "Sources", "Sources", "{DC92F700-ED1B-48DA-812E-0CFC8F16BACD}"
EndProject
Project("{FAE04EC0-301F-11D3-BF4B-00C04F79EFBC}") = "TwoDimensionalFields", "Sources\TwoDimensionalFields\TwoDimensionalFields.csproj", "{50169B69-E8F5-4F0E-93EA-94309C325F10}"
EndProject
Project("{FAE04EC0-301F-11D3-BF4B-00C04F79EFBC}") = "TwoDimensionalFieldsTests", "Sources\TwoDimensionalFieldsTests\TwoDimensionalFieldsTests.csproj", "{DA002C78-A955-49C0-BD12-7BD8E3F68206}"
EndProject
Project("{FAE04EC0-301F-11D3-BF4B-00C04F79EFBC}") = "MiniGis", "Sources\MiniGis\MiniGis.csproj", "{8B3C042B-774C-4267-A690-9147A57D557E}"
EndProject
Global
	GlobalSection(SolutionConfigurationPlatforms) = preSolution
		Debug|Any CPU = Debug|Any CPU
		Release|Any CPU = Release|Any CPU
	EndGlobalSection
	GlobalSection(ProjectConfigurationPlatforms) = postSolution
		{50169B69-E8F5-4F0E-93EA-94309C325F10}.Debug|Any CPU.ActiveCfg = Debug|Any CPU
		{50169B69-E8F5-4F0E-93EA-94309C325F10}.Debug|Any CPU.Build.0 = Debug|Any CPU
		{50169B69-E8F5-4F0E-93EA-94309C325F10}.Release|Any CPU.ActiveCfg = Release|Any CPU
		{50169B69-E8F5-4F0E-93EA-94309C325F10}.Release|Any CPU.Build.0 = Release|Any CPU
		{DA002C78-A955-49C0-BD12-7BD8E3F68206}.Debug|Any CPU.ActiveCfg = Debug|Any CPU
		{DA002C78-A955-49C0-BD12-7BD8E3F68206}.Debug|Any CPU.Build.0 = Debug|Any CPU
		{DA002C78-A955-49C0-BD12-7BD8E3F68206}.Release|Any CPU.ActiveCfg = Release|Any CPU
		{DA002C78-A955-49C0-BD12-7BD8E3F68206}.Release|Any CPU.Build.0 = Release|Any CPU
		{8B3C042B-774C-4267-A690-9147A57D557E}.Debug|Any CPU.ActiveCfg = Debug|Any CPU
		{8B3C042B-774C-4267-A690-9147A57D557E}.Debug|Any CPU.Build.0 = Debug|Any CPU
		{8B3C042B-774C-4267-A690-9147A57D557E}.Release|Any CPU.ActiveCfg = Release|Any CPU
		{8B3C042B-774C-4267-A690-9147A57D557E}.Release|Any CPU.Build.0 = Release|Any CPU
	EndGlobalSection
	GlobalSection(NestedProjects) = preSolution
		{50169B69-E8F5-4F0E-93EA-94309C325F10} = {DC92F700-ED1B-48DA-812E-0CFC8F16BACD}
		{DA002C78-A955-49C0-BD12-7BD8E3F68206} = {DC92F700-ED1B-48DA-812E-0CFC8F16BACD}
		{8B3C042B-774C-4267-A690-9147A57D557E} = {DC92F700-ED1B-48DA-812E-0CFC8F16BACD}
	EndGlobalSection
EndGlobal
